
Microsoft Visual Studio Solution File, Format Version 12.00
# Visual Studio Version 17
VisualStudioVersion = 17.0.31903.59
MinimumVisualStudioVersion = 10.0.40219.1
Project("{FAE04EC0-301F-11D3-BF4B-00C04F79EFBC}") = "ProEventos.Application", "ProEventos.Application\ProEventos.Application.csproj", "{B6806ED2-51E8-4D1A-9AA3-5626B3ACE897}"
EndProject
Project("{FAE04EC0-301F-11D3-BF4B-00C04F79EFBC}") = "ProEventos.Domain", "ProEventos.Domain\ProEventos.Domain.csproj", "{F376A25E-AF67-4EC7-BB86-210A7F761FDF}"
EndProject
Project("{FAE04EC0-301F-11D3-BF4B-00C04F79EFBC}") = "ProEventos.Persistence", "ProEventos.Persistence\ProEventos.Persistence.csproj", "{CD78E73E-9142-42B7-9948-96B4835238B8}"
EndProject
Project("{FAE04EC0-301F-11D3-BF4B-00C04F79EFBC}") = "ProEventos.API", "ProEventos.API\ProEventos.API.csproj", "{7B6DF175-4B1A-40B7-ADFB-DB9D61676741}"
EndProject
Global
	GlobalSection(SolutionConfigurationPlatforms) = preSolution
		Debug|Any CPU = Debug|Any CPU
		Release|Any CPU = Release|Any CPU
	EndGlobalSection
	GlobalSection(SolutionProperties) = preSolution
		HideSolutionNode = FALSE
	EndGlobalSection
	GlobalSection(ProjectConfigurationPlatforms) = postSolution
		{B6806ED2-51E8-4D1A-9AA3-5626B3ACE897}.Debug|Any CPU.ActiveCfg = Debug|Any CPU
		{B6806ED2-51E8-4D1A-9AA3-5626B3ACE897}.Debug|Any CPU.Build.0 = Debug|Any CPU
		{B6806ED2-51E8-4D1A-9AA3-5626B3ACE897}.Release|Any CPU.ActiveCfg = Release|Any CPU
		{B6806ED2-51E8-4D1A-9AA3-5626B3ACE897}.Release|Any CPU.Build.0 = Release|Any CPU
		{F376A25E-AF67-4EC7-BB86-210A7F761FDF}.Debug|Any CPU.ActiveCfg = Debug|Any CPU
		{F376A25E-AF67-4EC7-BB86-210A7F761FDF}.Debug|Any CPU.Build.0 = Debug|Any CPU
		{F376A25E-AF67-4EC7-BB86-210A7F761FDF}.Release|Any CPU.ActiveCfg = Release|Any CPU
		{F376A25E-AF67-4EC7-BB86-210A7F761FDF}.Release|Any CPU.Build.0 = Release|Any CPU
		{CD78E73E-9142-42B7-9948-96B4835238B8}.Debug|Any CPU.ActiveCfg = Debug|Any CPU
		{CD78E73E-9142-42B7-9948-96B4835238B8}.Debug|Any CPU.Build.0 = Debug|Any CPU
		{CD78E73E-9142-42B7-9948-96B4835238B8}.Release|Any CPU.ActiveCfg = Release|Any CPU
		{CD78E73E-9142-42B7-9948-96B4835238B8}.Release|Any CPU.Build.0 = Release|Any CPU
		{7B6DF175-4B1A-40B7-ADFB-DB9D61676741}.Debug|Any CPU.ActiveCfg = Debug|Any CPU
		{7B6DF175-4B1A-40B7-ADFB-DB9D61676741}.Debug|Any CPU.Build.0 = Debug|Any CPU
		{7B6DF175-4B1A-40B7-ADFB-DB9D61676741}.Release|Any CPU.ActiveCfg = Release|Any CPU
		{7B6DF175-4B1A-40B7-ADFB-DB9D61676741}.Release|Any CPU.Build.0 = Release|Any CPU
	EndGlobalSection
EndGlobal
